# THIS IS AN AUTOGENERATED FILE. DO NOT EDIT THIS FILE DIRECTLY.
# yarn lockfile v1


"@bower_components/d3@mbostock-bower/d3-bower#^5.16.0":
  version "0.0.0"
  resolved "https://codeload.github.com/mbostock-bower/d3-bower/tar.gz/c15b85ce115be200bd4ca473f97fcd0bb43bba07"

"@bower_components/jquery-ui@components/jqueryui#^1.12.1":
  version "1.12.1"
  resolved "https://codeload.github.com/components/jqueryui/tar.gz/44ecf3794cc56b65954cc19737234a3119d036cc"

"@bower_components/jquery@jquery/jquery-dist#^3.5.1":
  version "3.5.1"
  resolved "https://codeload.github.com/jquery/jquery-dist/tar.gz/4c0e4becb8263bb5b3e6dadc448d8e7305ef8215"

d3panels@kbroman/d3panels#^1.6.3:
  version "1.6.3"
  resolved "https://codeload.github.com/kbroman/d3panels/tar.gz/6ebaf530668704098872184557e5069bb8124a4e"
  dependencies:
    "@bower_components/d3" mbostock-bower/d3-bower#^5.16.0
